
Microsoft Visual Studio Solution File, Format Version 12.00
# Visual Studio Version 16
VisualStudioVersion = 16.0.29025.244
MinimumVisualStudioVersion = 10.0.40219.1
Project("{FAE04EC0-301F-11D3-BF4B-00C04F79EFBC}") = "Dev_App", "src\Dev_App\Dev_App.csproj", "{89BF60E0-E064-4BB5-A444-8E1FDA827702}"
EndProject
Global
	GlobalSection(SolutionConfigurationPlatforms) = preSolution
		Debug|Any CPU = Debug|Any CPU
		Release|Any CPU = Release|Any CPU
	EndGlobalSection
	GlobalSection(ProjectConfigurationPlatforms) = postSolution
		{89BF60E0-E064-4BB5-A444-8E1FDA827702}.Debug|Any CPU.ActiveCfg = Debug|Any CPU
		{89BF60E0-E064-4BB5-A444-8E1FDA827702}.Debug|Any CPU.Build.0 = Debug|Any CPU
		{89BF60E0-E064-4BB5-A444-8E1FDA827702}.Release|Any CPU.ActiveCfg = Release|Any CPU
		{89BF60E0-E064-4BB5-A444-8E1FDA827702}.Release|Any CPU.Build.0 = Release|Any CPU
	EndGlobalSection
	GlobalSection(SolutionProperties) = preSolution
		HideSolutionNode = FALSE
	EndGlobalSection
	GlobalSection(ExtensibilityGlobals) = postSolution
		SolutionGuid = {E41B92E5-F222-4E55-B184-75A51BC36193}
	EndGlobalSection
EndGlobal
